
Microsoft Visual Studio Solution File, Format Version 12.00
# Visual Studio Version 17
VisualStudioVersion = 17.5.002.0
MinimumVisualStudioVersion = 10.0.40219.1
Project("{9A19103F-16F7-4668-BE54-9A1E7A4F7556}") = "TestProject", "TestProject.csproj", "{71958CAF-D60C-4B1E-B3E1-FC0E297AC321}"
EndProject
Global
	GlobalSection(SolutionConfigurationPlatforms) = preSolution
		Debug|Any CPU = Debug|Any CPU
		Release|Any CPU = Release|Any CPU
	EndGlobalSection
	GlobalSection(ProjectConfigurationPlatforms) = postSolution
		{71958CAF-D60C-4B1E-B3E1-FC0E297AC321}.Debug|Any CPU.ActiveCfg = Debug|Any CPU
		{71958CAF-D60C-4B1E-B3E1-FC0E297AC321}.Debug|Any CPU.Build.0 = Debug|Any CPU
		{71958CAF-D60C-4B1E-B3E1-FC0E297AC321}.Release|Any CPU.ActiveCfg = Release|Any CPU
		{71958CAF-D60C-4B1E-B3E1-FC0E297AC321}.Release|Any CPU.Build.0 = Release|Any CPU
	EndGlobalSection
	GlobalSection(SolutionProperties) = preSolution
		HideSolutionNode = FALSE
	EndGlobalSection
	GlobalSection(ExtensibilityGlobals) = postSolution
		SolutionGuid = {EEA4CEBF-ADDF-4EB0-862F-ADD09C92FD8F}
	EndGlobalSection
EndGlobal
